{
    "_readme": [
        "This file locks the dependencies of your project to a known state",
        "Read more about it at https://getcomposer.org/doc/01-basic-usage.md#installing-dependencies",
        "This file is @generated automatically"
    ],
    "content-hash": "338e75f68fd46ba26120b32fb878c963",
    "packages": [
        {
            "name": "apirone/apirone-api-php",
            "version": "2.0.1",
            "source": {
                "type": "git",
                "url": "https://github.com/Apirone/apirone-api-php.git",
                "reference": "506dcc6f1b7460fb5b54301a098e97d24f3d513f"
            },
            "dist": {
                "type": "zip",
                "url": "https://api.github.com/repos/Apirone/apirone-api-php/zipball/506dcc6f1b7460fb5b54301a098e97d24f3d513f",
                "reference": "506dcc6f1b7460fb5b54301a098e97d24f3d513f",
                "shasum": ""
            },
            "require": {
                "ext-curl": "*",
                "ext-json": "*",
                "php": ">=7.4"
            },
            "type": "library",
            "autoload": {
                "psr-4": {
                    "Apirone\\API\\": "src/"
                }
            },
            "notification-url": "https://packagist.org/downloads/",
            "license": [
                "MIT"
            ],
            "authors": [
                {
                    "name": "alex",
                    "email": "alex.zaytseff@gmail.com"
                }
            ],
            "description": "Apirone API Client",
            "homepage": "https://github.com/Apirone/apirone-api-php",
            "keywords": [
                "Apirone",
                "DOGE",
                "api",
                "bch",
                "bitcoin",
                "btc",
                "crypto",
                "cryptocurrency",
                "ltc"
            ],
            "support": {
                "issues": "https://github.com/Apirone/apirone-api-php/issues",
                "source": "https://github.com/Apirone/apirone-api-php/tree/2.0.1"
            },
            "time": "2026-01-19T12:09:37+00:00"
        },
        {
            "name": "apirone/apirone-sdk-php",
            "version": "2.0.1",
            "source": {
                "type": "git",
                "url": "https://github.com/Apirone/apirone-sdk-php.git",
                "reference": "c42f2b26ebc232d701cc434c8608c608ebaed132"
            },
            "dist": {
                "type": "zip",
                "url": "https://api.github.com/repos/Apirone/apirone-sdk-php/zipball/c42f2b26ebc232d701cc434c8608c608ebaed132",
                "reference": "c42f2b26ebc232d701cc434c8608c608ebaed132",
                "shasum": ""
            },
            "require": {
                "apirone/apirone-api-php": "^2.0"
            },
            "type": "library",
            "autoload": {
                "psr-4": {
                    "Apirone\\SDK\\": "src"
                }
            },
            "notification-url": "https://packagist.org/downloads/",
            "license": [
                "MIT"
            ],
            "authors": [
                {
                    "name": "alex",
                    "email": "alex.zaytseff@gmail.com"
                }
            ],
            "description": "Apirone SDK",
            "homepage": "https://github.com/Apirone/apirone-sdk-php",
            "keywords": [
                "Apirone",
                "DOGE",
                "api",
                "bch",
                "bitcoin",
                "btc",
                "crypto",
                "cryptocurrency",
                "ltc",
                "sdk"
            ],
            "support": {
                "issues": "https://github.com/Apirone/apirone-sdk-php/issues",
                "source": "https://github.com/Apirone/apirone-sdk-php/tree/2.0.1"
            },
            "time": "2025-12-27T12:53:47+00:00"
        }
    ],
    "packages-dev": [],
    "aliases": [],
    "minimum-stability": "RC",
    "stability-flags": [],
    "prefer-stable": false,
    "prefer-lowest": false,
    "platform": [],
    "platform-dev": [],
    "plugin-api-version": "2.6.0"
}
